
Microsoft Visual Studio Solution File, Format Version 12.00
# Visual Studio Version 17
VisualStudioVersion = 17.0.31903.59
MinimumVisualStudioVersion = 10.0.40219.1
Project("{FAE04EC0-301F-11D3-BF4B-00C04F79EFBC}") = "AviationApp.Api", "src\AviationApp.Api\AviationApp.Api.csproj", "{60715718-BBC0-4171-AD38-C25A3CAF8E64}"
EndProject
Project("{FAE04EC0-301F-11D3-BF4B-00C04F79EFBC}") = "AviationApp.Application", "src\AviationApp.Application\AviationApp.Application.csproj", "{ABC5B1F3-A30F-4064-8184-0B6EDF434234}"
EndProject
Project("{FAE04EC0-301F-11D3-BF4B-00C04F79EFBC}") = "AviationApp.Domain", "src\AviationApp.Domain\AviationApp.Domain.csproj", "{13AC9CAA-A528-4D24-8B45-4C979A251490}"
EndProject
Project("{FAE04EC0-301F-11D3-BF4B-00C04F79EFBC}") = "AviationApp.Infrastructure", "src\AviationApp.Infrastructure\AviationApp.Infrastructure.csproj", "{6CC7F281-22CF-4FF9-B0C5-0153A5D15DB0}"
EndProject
Project("{2150E333-8FDC-42A3-9474-1A3956D46DE8}") = "src", "src", "{986921F0-6FF8-4AB8-8619-AD43D2954411}"
EndProject
Project("{2150E333-8FDC-42A3-9474-1A3956D46DE8}") = "test", "test", "{3DD194D8-BF59-4F03-88C9-48CFA292E443}"
EndProject
Project("{FAE04EC0-301F-11D3-BF4B-00C04F79EFBC}") = "AviationApp.UnitTests", "test\AviationApp.UnitTests\AviationApp.UnitTests.csproj", "{BE98B997-43F8-40F3-9C9D-D7681BB36D03}"
EndProject
Project("{FAE04EC0-301F-11D3-BF4B-00C04F79EFBC}") = "AviationApp.IntegrationTests", "test\AviationApp.IntegrationTests\AviationApp.IntegrationTests.csproj", "{68903D42-6DD9-43D0-A7C8-5BA1884DF0BA}"
EndProject
Project("{FAE04EC0-301F-11D3-BF4B-00C04F79EFBC}") = "AviationApp.Common", "src\AviationApp.Common\AviationApp.Common.csproj", "{74677A3A-730A-498A-B943-1774F3E02CC8}"
EndProject
Global
	GlobalSection(SolutionConfigurationPlatforms) = preSolution
		Debug|Any CPU = Debug|Any CPU
		Release|Any CPU = Release|Any CPU
	EndGlobalSection
	GlobalSection(SolutionProperties) = preSolution
		HideSolutionNode = FALSE
	EndGlobalSection
	GlobalSection(ProjectConfigurationPlatforms) = postSolution
		{60715718-BBC0-4171-AD38-C25A3CAF8E64}.Debug|Any CPU.ActiveCfg = Debug|Any CPU
		{60715718-BBC0-4171-AD38-C25A3CAF8E64}.Debug|Any CPU.Build.0 = Debug|Any CPU
		{60715718-BBC0-4171-AD38-C25A3CAF8E64}.Release|Any CPU.ActiveCfg = Release|Any CPU
		{60715718-BBC0-4171-AD38-C25A3CAF8E64}.Release|Any CPU.Build.0 = Release|Any CPU
		{ABC5B1F3-A30F-4064-8184-0B6EDF434234}.Debug|Any CPU.ActiveCfg = Debug|Any CPU
		{ABC5B1F3-A30F-4064-8184-0B6EDF434234}.Debug|Any CPU.Build.0 = Debug|Any CPU
		{ABC5B1F3-A30F-4064-8184-0B6EDF434234}.Release|Any CPU.ActiveCfg = Release|Any CPU
		{ABC5B1F3-A30F-4064-8184-0B6EDF434234}.Release|Any CPU.Build.0 = Release|Any CPU
		{13AC9CAA-A528-4D24-8B45-4C979A251490}.Debug|Any CPU.ActiveCfg = Debug|Any CPU
		{13AC9CAA-A528-4D24-8B45-4C979A251490}.Debug|Any CPU.Build.0 = Debug|Any CPU
		{13AC9CAA-A528-4D24-8B45-4C979A251490}.Release|Any CPU.ActiveCfg = Release|Any CPU
		{13AC9CAA-A528-4D24-8B45-4C979A251490}.Release|Any CPU.Build.0 = Release|Any CPU
		{6CC7F281-22CF-4FF9-B0C5-0153A5D15DB0}.Debug|Any CPU.ActiveCfg = Debug|Any CPU
		{6CC7F281-22CF-4FF9-B0C5-0153A5D15DB0}.Debug|Any CPU.Build.0 = Debug|Any CPU
		{6CC7F281-22CF-4FF9-B0C5-0153A5D15DB0}.Release|Any CPU.ActiveCfg = Release|Any CPU
		{6CC7F281-22CF-4FF9-B0C5-0153A5D15DB0}.Release|Any CPU.Build.0 = Release|Any CPU
		{BE98B997-43F8-40F3-9C9D-D7681BB36D03}.Debug|Any CPU.ActiveCfg = Debug|Any CPU
		{BE98B997-43F8-40F3-9C9D-D7681BB36D03}.Debug|Any CPU.Build.0 = Debug|Any CPU
		{BE98B997-43F8-40F3-9C9D-D7681BB36D03}.Release|Any CPU.ActiveCfg = Release|Any CPU
		{BE98B997-43F8-40F3-9C9D-D7681BB36D03}.Release|Any CPU.Build.0 = Release|Any CPU
		{68903D42-6DD9-43D0-A7C8-5BA1884DF0BA}.Debug|Any CPU.ActiveCfg = Debug|Any CPU
		{68903D42-6DD9-43D0-A7C8-5BA1884DF0BA}.Debug|Any CPU.Build.0 = Debug|Any CPU
		{68903D42-6DD9-43D0-A7C8-5BA1884DF0BA}.Release|Any CPU.ActiveCfg = Release|Any CPU
		{68903D42-6DD9-43D0-A7C8-5BA1884DF0BA}.Release|Any CPU.Build.0 = Release|Any CPU
		{74677A3A-730A-498A-B943-1774F3E02CC8}.Debug|Any CPU.ActiveCfg = Debug|Any CPU
		{74677A3A-730A-498A-B943-1774F3E02CC8}.Debug|Any CPU.Build.0 = Debug|Any CPU
		{74677A3A-730A-498A-B943-1774F3E02CC8}.Release|Any CPU.ActiveCfg = Release|Any CPU
		{74677A3A-730A-498A-B943-1774F3E02CC8}.Release|Any CPU.Build.0 = Release|Any CPU
	EndGlobalSection
	GlobalSection(NestedProjects) = preSolution
		{60715718-BBC0-4171-AD38-C25A3CAF8E64} = {986921F0-6FF8-4AB8-8619-AD43D2954411}
		{13AC9CAA-A528-4D24-8B45-4C979A251490} = {986921F0-6FF8-4AB8-8619-AD43D2954411}
		{ABC5B1F3-A30F-4064-8184-0B6EDF434234} = {986921F0-6FF8-4AB8-8619-AD43D2954411}
		{6CC7F281-22CF-4FF9-B0C5-0153A5D15DB0} = {986921F0-6FF8-4AB8-8619-AD43D2954411}
		{BE98B997-43F8-40F3-9C9D-D7681BB36D03} = {3DD194D8-BF59-4F03-88C9-48CFA292E443}
		{68903D42-6DD9-43D0-A7C8-5BA1884DF0BA} = {3DD194D8-BF59-4F03-88C9-48CFA292E443}
		{74677A3A-730A-498A-B943-1774F3E02CC8} = {986921F0-6FF8-4AB8-8619-AD43D2954411}
	EndGlobalSection
EndGlobal
